// !$*UTF8*$!
{
	archiveVersion = 1;
	classes = {
	};
	objectVersion = 77;
	objects = {

/* Begin PBXBuildFile section */
		0693B49878E9CCB218A93AF0 /* AddGuestView.swift in Sources */ = {isa = PBXBuildFile; fileRef = AA3C56D019FDB8E3C0E544E3 /* AddGuestView.swift */; };
		2AAE0F88F119C6E2BCBC8C19 /* pass10x.js in Resources */ = {isa = PBXBuildFile; fileRef = DC4B772BB29BC55B7DFB96FF /* pass10x.js */; };
		2CCF190AC3EF73DD7101B3E8 /* ContentView.swift in Sources */ = {isa = PBXBuildFile; fileRef = C519D9B4465A06D839883EC4 /* ContentView.swift */; };
		3C6DE7EAD321877DED3CBA88 /* PassEngine.swift in Sources */ = {isa = PBXBuildFile; fileRef = 48585CCCBA99CA6B7EB49318 /* PassEngine.swift */; };
		4A9474443CB717941C614604 /* Models.swift in Sources */ = {isa = PBXBuildFile; fileRef = 826CC56198FD34F0CC55F72C /* Models.swift */; };
		80D3DDA35F81EA9535BB3F67 /* SettingsView.swift in Sources */ = {isa = PBXBuildFile; fileRef = 0AD2BC3E1BAFBD7EAFE11A36 /* SettingsView.swift */; };
		A55F6BCDF712F37B3D627C0E /* PrivacyInfo.xcprivacy in Resources */ = {isa = PBXBuildFile; fileRef = 235D9AEFAA46E61FE6211857 /* PrivacyInfo.xcprivacy */; };
		C1C1DDA20DC6BC87D03C4D04 /* ParkingApp.swift in Sources */ = {isa = PBXBuildFile; fileRef = 10E87E79433E9D931DAAEA9E /* ParkingApp.swift */; };
		EF0CFE1CD60CA896B90F6E7E /* Assets.xcassets in Resources */ = {isa = PBXBuildFile; fileRef = B566BED63A84170BB2837319 /* Assets.xcassets */; };
		F2D51AC37BFFFFBDEB37E22D /* Keychain.swift in Sources */ = {isa = PBXBuildFile; fileRef = 14217F417A3FB922C99EECC0 /* Keychain.swift */; };
/* End PBXBuildFile section */

/* Begin PBXFileReference section */
		027EF2AAF3413B728FA0032C /* Parking.app */ = {isa = PBXFileReference; includeInIndex = 0; lastKnownFileType = wrapper.application; path = Parking.app; sourceTree = BUILT_PRODUCTS_DIR; };
		0AD2BC3E1BAFBD7EAFE11A36 /* SettingsView.swift */ = {isa = PBXFileReference; lastKnownFileType = sourcecode.swift; path = SettingsView.swift; sourceTree = "<group>"; };
		10E87E79433E9D931DAAEA9E /* ParkingApp.swift */ = {isa = PBXFileReference; lastKnownFileType = sourcecode.swift; path = ParkingApp.swift; sourceTree = "<group>"; };
		14217F417A3FB922C99EECC0 /* Keychain.swift */ = {isa = PBXFileReference; lastKnownFileType = sourcecode.swift; path = Keychain.swift; sourceTree = "<group>"; };
		235D9AEFAA46E61FE6211857 /* PrivacyInfo.xcprivacy */ = {isa = PBXFileReference; path = PrivacyInfo.xcprivacy; sourceTree = "<group>"; };
		48585CCCBA99CA6B7EB49318 /* PassEngine.swift */ = {isa = PBXFileReference; lastKnownFileType = sourcecode.swift; path = PassEngine.swift; sourceTree = "<group>"; };
		826CC56198FD34F0CC55F72C /* Models.swift */ = {isa = PBXFileReference; lastKnownFileType = sourcecode.swift; path = Models.swift; sourceTree = "<group>"; };
		AA3C56D019FDB8E3C0E544E3 /* AddGuestView.swift */ = {isa = PBXFileReference; lastKnownFileType = sourcecode.swift; path = AddGuestView.swift; sourceTree = "<group>"; };
		B566BED63A84170BB2837319 /* Assets.xcassets */ = {isa = PBXFileReference; lastKnownFileType = folder.assetcatalog; path = Assets.xcassets; sourceTree = "<group>"; };
		C519D9B4465A06D839883EC4 /* ContentView.swift */ = {isa = PBXFileReference; lastKnownFileType = sourcecode.swift; path = ContentView.swift; sourceTree = "<group>"; };
		DC4B772BB29BC55B7DFB96FF /* pass10x.js */ = {isa = PBXFileReference; lastKnownFileType = sourcecode.javascript; path = pass10x.js; sourceTree = "<group>"; };
/* End PBXFileReference section */

/* Begin PBXGroup section */
		40BD0B0DDE492F84CC6EC716 /* Products */ = {
			isa = PBXGroup;
			children = (
				027EF2AAF3413B728FA0032C /* Parking.app */,
			);
			name = Products;
			sourceTree = "<group>";
		};
		A5B12DCCB0FD6E6A6C74D613 /* Parking */ = {
			isa = PBXGroup;
			children = (
				AA3C56D019FDB8E3C0E544E3 /* AddGuestView.swift */,
				B566BED63A84170BB2837319 /* Assets.xcassets */,
				C519D9B4465A06D839883EC4 /* ContentView.swift */,
				14217F417A3FB922C99EECC0 /* Keychain.swift */,
				826CC56198FD34F0CC55F72C /* Models.swift */,
				10E87E79433E9D931DAAEA9E /* ParkingApp.swift */,
				DC4B772BB29BC55B7DFB96FF /* pass10x.js */,
				48585CCCBA99CA6B7EB49318 /* PassEngine.swift */,
				235D9AEFAA46E61FE6211857 /* PrivacyInfo.xcprivacy */,
				0AD2BC3E1BAFBD7EAFE11A36 /* SettingsView.swift */,
			);
			path = Parking;
			sourceTree = "<group>";
		};
		DAB12BC6287500C6FCDF9519 = {
			isa = PBXGroup;
			children = (
				A5B12DCCB0FD6E6A6C74D613 /* Parking */,
				40BD0B0DDE492F84CC6EC716 /* Products */,
			);
			sourceTree = "<group>";
		};
/* End PBXGroup section */

/* Begin PBXNativeTarget section */
		96510B4EABD67F718BD90CF3 /* Parking */ = {
			isa = PBXNativeTarget;
			buildConfigurationList = 73248A6E271C67E96E9C8A31 /* Build configuration list for PBXNativeTarget "Parking" */;
			buildPhases = (
				80A269F744EF2A14C565C6B9 /* Sources */,
				A112CA90C5EDDCEBC078FEA2 /* Resources */,
			);
			buildRules = (
			);
			dependencies = (
			);
			name = Parking;
			packageProductDependencies = (
			);
			productName = Parking;
			productReference = 027EF2AAF3413B728FA0032C /* Parking.app */;
			productType = "com.apple.product-type.application";
		};
/* End PBXNativeTarget section */

/* Begin PBXProject section */
		28FF236BFA251C4E956FC4C0 /* Project object */ = {
			isa = PBXProject;
			attributes = {
				BuildIndependentTargetsInParallel = YES;
				LastUpgradeCheck = 1430;
				TargetAttributes = {
					96510B4EABD67F718BD90CF3 = {
						DevelopmentTeam = 75V83JVZWU;
					};
				};
			};
			buildConfigurationList = 3F70FE75AA91BCD50FB1A1BC /* Build configuration list for PBXProject "Parking" */;
			developmentRegion = en;
			hasScannedForEncodings = 0;
			knownRegions = (
				Base,
				en,
			);
			mainGroup = DAB12BC6287500C6FCDF9519;
			minimizedProjectReferenceProxies = 1;
			preferredProjectObjectVersion = 77;
			productRefGroup = 40BD0B0DDE492F84CC6EC716 /* Products */;
			projectDirPath = "";
			projectRoot = "";
			targets = (
				96510B4EABD67F718BD90CF3 /* Parking */,
			);
		};
/* End PBXProject section */

/* Begin PBXResourcesBuildPhase section */
		A112CA90C5EDDCEBC078FEA2 /* Resources */ = {
			isa = PBXResourcesBuildPhase;
			buildActionMask = 2147483647;
			files = (
				EF0CFE1CD60CA896B90F6E7E /* Assets.xcassets in Resources */,
				A55F6BCDF712F37B3D627C0E /* PrivacyInfo.xcprivacy in Resources */,
				2AAE0F88F119C6E2BCBC8C19 /* pass10x.js in Resources */,
			);
			runOnlyForDeploymentPostprocessing = 0;
		};
/* End PBXResourcesBuildPhase section */

/* Begin PBXSourcesBuildPhase section */
		80A269F744EF2A14C565C6B9 /* Sources */ = {
			isa = PBXSourcesBuildPhase;
			buildActionMask = 2147483647;
			files = (
				0693B49878E9CCB218A93AF0 /* AddGuestView.swift in Sources */,
				2CCF190AC3EF73DD7101B3E8 /* ContentView.swift in Sources */,
				F2D51AC37BFFFFBDEB37E22D /* Keychain.swift in Sources */,
				4A9474443CB717941C614604 /* Models.swift in Sources */,
				C1C1DDA20DC6BC87D03C4D04 /* ParkingApp.swift in Sources */,
				3C6DE7EAD321877DED3CBA88 /* PassEngine.swift in Sources */,
				80D3DDA35F81EA9535BB3F67 /* SettingsView.swift in Sources */,
			);
			runOnlyForDeploymentPostprocessing = 0;
		};
/* End PBXSourcesBuildPhase section */

/* Begin XCBuildConfiguration section */
		265761C6462F24FC55007E0E /* Debug */ = {
			isa = XCBuildConfiguration;
			buildSettings = {
				ALWAYS_SEARCH_USER_PATHS = NO;
				CLANG_ANALYZER_NONNULL = YES;
				CLANG_ANALYZER_NUMBER_OBJECT_CONVERSION = YES_AGGRESSIVE;
				CLANG_CXX_LANGUAGE_STANDARD = "gnu++14";
				CLANG_CXX_LIBRARY = "libc++";
				CLANG_ENABLE_MODULES = YES;
				CLANG_ENABLE_OBJC_ARC = YES;
				CLANG_ENABLE_OBJC_WEAK = YES;
				CLANG_WARN_BLOCK_CAPTURE_AUTORELEASING = YES;
				CLANG_WARN_BOOL_CONVERSION = YES;
				CLANG_WARN_COMMA = YES;
				CLANG_WARN_CONSTANT_CONVERSION = YES;
				CLANG_WARN_DEPRECATED_OBJC_IMPLEMENTATIONS = YES;
				CLANG_WARN_DIRECT_OBJC_ISA_USAGE = YES_ERROR;
				CLANG_WARN_DOCUMENTATION_COMMENTS = YES;
				CLANG_WARN_EMPTY_BODY = YES;
				CLANG_WARN_ENUM_CONVERSION = YES;
				CLANG_WARN_INFINITE_RECURSION = YES;
				CLANG_WARN_INT_CONVERSION = YES;
				CLANG_WARN_NON_LITERAL_NULL_CONVERSION = YES;
				CLANG_WARN_OBJC_IMPLICIT_RETAIN_SELF = YES;
				CLANG_WARN_OBJC_LITERAL_CONVERSION = YES;
				CLANG_WARN_OBJC_ROOT_CLASS = YES_ERROR;
				CLANG_WARN_QUOTED_INCLUDE_IN_FRAMEWORK_HEADER = YES;
				CLANG_WARN_RANGE_LOOP_ANALYSIS = YES;
				CLANG_WARN_STRICT_PROTOTYPES = YES;
				CLANG_WARN_SUSPICIOUS_MOVE = YES;
				CLANG_WARN_UNGUARDED_AVAILABILITY = YES_AGGRESSIVE;
				CLANG_WARN_UNREACHABLE_CODE = YES;
				CLANG_WARN__DUPLICATE_METHOD_MATCH = YES;
				COPY_PHASE_STRIP = NO;
				CURRENT_PROJECT_VERSION = 1;
				DEBUG_INFORMATION_FORMAT = dwarf;
				DEVELOPMENT_TEAM = 75V83JVZWU;
				ENABLE_STRICT_OBJC_MSGSEND = YES;
				ENABLE_TESTABILITY = YES;
				ENABLE_USER_SCRIPT_SANDBOXING = YES;
				GCC_C_LANGUAGE_STANDARD = gnu11;
				GCC_DYNAMIC_NO_PIC = NO;
				GCC_NO_COMMON_BLOCKS = YES;
				GCC_OPTIMIZATION_LEVEL = 0;
				GCC_PREPROCESSOR_DEFINITIONS = (
					"$(inherited)",
					"DEBUG=1",
				);
				GCC_WARN_64_TO_32_BIT_CONVERSION = YES;
				GCC_WARN_ABOUT_RETURN_TYPE = YES_ERROR;
				GCC_WARN_UNDECLARED_SELECTOR = YES;
				GCC_WARN_UNINITIALIZED_AUTOS = YES_AGGRESSIVE;
				GCC_WARN_UNUSED_FUNCTION = YES;
				GCC_WARN_UNUSED_VARIABLE = YES;
				IPHONEOS_DEPLOYMENT_TARGET = 17.0;
				MARKETING_VERSION = 1.0;
				MTL_ENABLE_DEBUG_INFO = INCLUDE_SOURCE;
				MTL_FAST_MATH = YES;
				ONLY_ACTIVE_ARCH = YES;
				PRODUCT_NAME = "$(TARGET_NAME)";
				SDKROOT = iphoneos;
				STRING_CATALOG_GENERATE_SYMBOLS = YES;
				SWIFT_ACTIVE_COMPILATION_CONDITIONS = DEBUG;
				SWIFT_OPTIMIZATION_LEVEL = "-Onone";
				SWIFT_VERSION = 5.0;
			};
			name = Debug;
		};
		265CA412E15AB90EFF323625 /* Debug */ = {
			isa = XCBuildConfiguration;
			buildSettings = {
				ASSETCATALOG_COMPILER_APPICON_NAME = AppIcon;
				CODE_SIGN_IDENTITY = "iPhone Developer";
				GENERATE_INFOPLIST_FILE = YES;
				INFOPLIST_KEY_CFBundleDisplayName = Parking;
				INFOPLIST_KEY_ITSAppUsesNonExemptEncryption = NO;
				INFOPLIST_KEY_LSApplicationCategoryType = "public.app-category.utilities";
				INFOPLIST_KEY_UILaunchScreen_Generation = YES;
				INFOPLIST_KEY_UISupportedInterfaceOrientations = UIInterfaceOrientationPortrait;
				LD_RUNPATH_SEARCH_PATHS = (
					"$(inherited)",
					"@executable_path/Frameworks",
				);
				PRODUCT_BUNDLE_IDENTIFIER = io.github.brodieve.Parking;
				SDKROOT = iphoneos;
				SUPPORTED_PLATFORMS = "iphoneos iphonesimulator";
				SUPPORTS_MACCATALYST = NO;
				SUPPORTS_XR_DESIGNED_FOR_IPHONE_IPAD = NO;
				TARGETED_DEVICE_FAMILY = 1;
			};
			name = Debug;
		};
		8DB21E7D80F29CABB30B1A42 /* Release */ = {
			isa = XCBuildConfiguration;
			buildSettings = {
				ALWAYS_SEARCH_USER_PATHS = NO;
				CLANG_ANALYZER_NONNULL = YES;
				CLANG_ANALYZER_NUMBER_OBJECT_CONVERSION = YES_AGGRESSIVE;
				CLANG_CXX_LANGUAGE_STANDARD = "gnu++14";
				CLANG_CXX_LIBRARY = "libc++";
				CLANG_ENABLE_MODULES = YES;
				CLANG_ENABLE_OBJC_ARC = YES;
				CLANG_ENABLE_OBJC_WEAK = YES;
				CLANG_WARN_BLOCK_CAPTURE_AUTORELEASING = YES;
				CLANG_WARN_BOOL_CONVERSION = YES;
				CLANG_WARN_COMMA = YES;
				CLANG_WARN_CONSTANT_CONVERSION = YES;
				CLANG_WARN_DEPRECATED_OBJC_IMPLEMENTATIONS = YES;
				CLANG_WARN_DIRECT_OBJC_ISA_USAGE = YES_ERROR;
				CLANG_WARN_DOCUMENTATION_COMMENTS = YES;
				CLANG_WARN_EMPTY_BODY = YES;
				CLANG_WARN_ENUM_CONVERSION = YES;
				CLANG_WARN_INFINITE_RECURSION = YES;
				CLANG_WARN_INT_CONVERSION = YES;
				CLANG_WARN_NON_LITERAL_NULL_CONVERSION = YES;
				CLANG_WARN_OBJC_IMPLICIT_RETAIN_SELF = YES;
				CLANG_WARN_OBJC_LITERAL_CONVERSION = YES;
				CLANG_WARN_OBJC_ROOT_CLASS = YES_ERROR;
				CLANG_WARN_QUOTED_INCLUDE_IN_FRAMEWORK_HEADER = YES;
				CLANG_WARN_RANGE_LOOP_ANALYSIS = YES;
				CLANG_WARN_STRICT_PROTOTYPES = YES;
				CLANG_WARN_SUSPICIOUS_MOVE = YES;
				CLANG_WARN_UNGUARDED_AVAILABILITY = YES_AGGRESSIVE;
				CLANG_WARN_UNREACHABLE_CODE = YES;
				CLANG_WARN__DUPLICATE_METHOD_MATCH = YES;
				COPY_PHASE_STRIP = NO;
				CURRENT_PROJECT_VERSION = 1;
				DEBUG_INFORMATION_FORMAT = "dwarf-with-dsym";
				DEVELOPMENT_TEAM = 75V83JVZWU;
				ENABLE_NS_ASSERTIONS = NO;
				ENABLE_STRICT_OBJC_MSGSEND = YES;
				ENABLE_USER_SCRIPT_SANDBOXING = YES;
				GCC_C_LANGUAGE_STANDARD = gnu11;
				GCC_NO_COMMON_BLOCKS = YES;
				GCC_WARN_64_TO_32_BIT_CONVERSION = YES;
				GCC_WARN_ABOUT_RETURN_TYPE = YES_ERROR;
				GCC_WARN_UNDECLARED_SELECTOR = YES;
				GCC_WARN_UNINITIALIZED_AUTOS = YES_AGGRESSIVE;
				GCC_WARN_UNUSED_FUNCTION = YES;
				GCC_WARN_UNUSED_VARIABLE = YES;
				IPHONEOS_DEPLOYMENT_TARGET = 17.0;
				MARKETING_VERSION = 1.0;
				MTL_ENABLE_DEBUG_INFO = NO;
				MTL_FAST_MATH = YES;
				PRODUCT_NAME = "$(TARGET_NAME)";
				SDKROOT = iphoneos;
				STRING_CATALOG_GENERATE_SYMBOLS = YES;
				SWIFT_COMPILATION_MODE = wholemodule;
				SWIFT_OPTIMIZATION_LEVEL = "-O";
				SWIFT_VERSION = 5.0;
			};
			name = Release;
		};
		EF0507F33065FCAF64F29F85 /* Release */ = {
			isa = XCBuildConfiguration;
			buildSettings = {
				ASSETCATALOG_COMPILER_APPICON_NAME = AppIcon;
				CODE_SIGN_IDENTITY = "iPhone Developer";
				GENERATE_INFOPLIST_FILE = YES;
				INFOPLIST_KEY_CFBundleDisplayName = Parking;
				INFOPLIST_KEY_ITSAppUsesNonExemptEncryption = NO;
				INFOPLIST_KEY_LSApplicationCategoryType = "public.app-category.utilities";
				INFOPLIST_KEY_UILaunchScreen_Generation = YES;
				INFOPLIST_KEY_UISupportedInterfaceOrientations = UIInterfaceOrientationPortrait;
				LD_RUNPATH_SEARCH_PATHS = (
					"$(inherited)",
					"@executable_path/Frameworks",
				);
				PRODUCT_BUNDLE_IDENTIFIER = io.github.brodieve.Parking;
				SDKROOT = iphoneos;
				SUPPORTED_PLATFORMS = "iphoneos iphonesimulator";
				SUPPORTS_MACCATALYST = NO;
				SUPPORTS_XR_DESIGNED_FOR_IPHONE_IPAD = NO;
				TARGETED_DEVICE_FAMILY = 1;
			};
			name = Release;
		};
/* End XCBuildConfiguration section */

/* Begin XCConfigurationList section */
		3F70FE75AA91BCD50FB1A1BC /* Build configuration list for PBXProject "Parking" */ = {
			isa = XCConfigurationList;
			buildConfigurations = (
				265761C6462F24FC55007E0E /* Debug */,
				8DB21E7D80F29CABB30B1A42 /* Release */,
			);
			defaultConfigurationIsVisible = 0;
			defaultConfigurationName = Debug;
		};
		73248A6E271C67E96E9C8A31 /* Build configuration list for PBXNativeTarget "Parking" */ = {
			isa = XCConfigurationList;
			buildConfigurations = (
				265CA412E15AB90EFF323625 /* Debug */,
				EF0507F33065FCAF64F29F85 /* Release */,
			);
			defaultConfigurationIsVisible = 0;
			defaultConfigurationName = Debug;
		};
/* End XCConfigurationList section */
	};
	rootObject = 28FF236BFA251C4E956FC4C0 /* Project object */;
}
